
Microsoft Visual Studio Solution File, Format Version 12.00
# Visual Studio Version 17
VisualStudioVersion = 17.4.33403.182
MinimumVisualStudioVersion = 10.0.40219.1
Project("{FAE04EC0-301F-11D3-BF4B-00C04F79EFBC}") = "FilmsWebApp", "FilmsWebApp\FilmsWebApp.csproj", "{586EFFD1-6AA4-43E8-AEF4-99D1FE50A1A9}"
EndProject
Global
	GlobalSection(SolutionConfigurationPlatforms) = preSolution
		Debug|Any CPU = Debug|Any CPU
		Release|Any CPU = Release|Any CPU
	EndGlobalSection
	GlobalSection(ProjectConfigurationPlatforms) = postSolution
		{586EFFD1-6AA4-43E8-AEF4-99D1FE50A1A9}.Debug|Any CPU.ActiveCfg = Debug|Any CPU
		{586EFFD1-6AA4-43E8-AEF4-99D1FE50A1A9}.Debug|Any CPU.Build.0 = Debug|Any CPU
		{586EFFD1-6AA4-43E8-AEF4-99D1FE50A1A9}.Release|Any CPU.ActiveCfg = Release|Any CPU
		{586EFFD1-6AA4-43E8-AEF4-99D1FE50A1A9}.Release|Any CPU.Build.0 = Release|Any CPU
	EndGlobalSection
	GlobalSection(SolutionProperties) = preSolution
		HideSolutionNode = FALSE
	EndGlobalSection
	GlobalSection(ExtensibilityGlobals) = postSolution
		SolutionGuid = {38A89614-673D-467F-93B4-DCF62D291C7C}
	EndGlobalSection
EndGlobal
